
Microsoft Visual Studio Solution File, Format Version 12.00
Project("{FAE04EC0-301F-11D3-BF4B-00C04F79EFBC}") = "SnowWarden.Backend.API", "SnowWarden.Backend.API\SnowWarden.Backend.API.csproj", "{BA452780-DCBC-4360-AE16-BF09D07FA610}"
EndProject
Project("{2150E333-8FDC-42A3-9474-1A3956D46DE8}") = "Solution Items", "Solution Items", "{B36667EC-0999-4C14-B03B-190A3F403F37}"
	ProjectSection(SolutionItems) = preProject
		docker-compose.yml = docker-compose.yml
	EndProjectSection
EndProject
Project("{FAE04EC0-301F-11D3-BF4B-00C04F79EFBC}") = "SnowWarden.Backend.Core", "SnowWarden.Backend.Core\SnowWarden.Backend.Core.csproj", "{D55FCEAC-080F-4B52-B5B6-F26EAEA196FF}"
EndProject
Project("{FAE04EC0-301F-11D3-BF4B-00C04F79EFBC}") = "SnowWarden.Backend.Application", "SnowWarden.Backend.Application\SnowWarden.Backend.Application.csproj", "{E5DB3356-5DA6-474E-A3DD-DE2D4537D868}"
EndProject
Project("{FAE04EC0-301F-11D3-BF4B-00C04F79EFBC}") = "SnowWarden.Backend.Infrastructure", "SnowWarden.Backend.Infrastructure\SnowWarden.Backend.Infrastructure.csproj", "{FE91A3EC-2B27-4198-BD92-85C5D1934D73}"
EndProject
Global
	GlobalSection(SolutionConfigurationPlatforms) = preSolution
		Debug|Any CPU = Debug|Any CPU
		Release|Any CPU = Release|Any CPU
	EndGlobalSection
	GlobalSection(ProjectConfigurationPlatforms) = postSolution
		{BA452780-DCBC-4360-AE16-BF09D07FA610}.Debug|Any CPU.ActiveCfg = Debug|Any CPU
		{BA452780-DCBC-4360-AE16-BF09D07FA610}.Debug|Any CPU.Build.0 = Debug|Any CPU
		{BA452780-DCBC-4360-AE16-BF09D07FA610}.Release|Any CPU.ActiveCfg = Release|Any CPU
		{BA452780-DCBC-4360-AE16-BF09D07FA610}.Release|Any CPU.Build.0 = Release|Any CPU
		{D55FCEAC-080F-4B52-B5B6-F26EAEA196FF}.Debug|Any CPU.ActiveCfg = Debug|Any CPU
		{D55FCEAC-080F-4B52-B5B6-F26EAEA196FF}.Debug|Any CPU.Build.0 = Debug|Any CPU
		{D55FCEAC-080F-4B52-B5B6-F26EAEA196FF}.Release|Any CPU.ActiveCfg = Release|Any CPU
		{D55FCEAC-080F-4B52-B5B6-F26EAEA196FF}.Release|Any CPU.Build.0 = Release|Any CPU
		{E5DB3356-5DA6-474E-A3DD-DE2D4537D868}.Debug|Any CPU.ActiveCfg = Debug|Any CPU
		{E5DB3356-5DA6-474E-A3DD-DE2D4537D868}.Debug|Any CPU.Build.0 = Debug|Any CPU
		{E5DB3356-5DA6-474E-A3DD-DE2D4537D868}.Release|Any CPU.ActiveCfg = Release|Any CPU
		{E5DB3356-5DA6-474E-A3DD-DE2D4537D868}.Release|Any CPU.Build.0 = Release|Any CPU
		{FE91A3EC-2B27-4198-BD92-85C5D1934D73}.Debug|Any CPU.ActiveCfg = Debug|Any CPU
		{FE91A3EC-2B27-4198-BD92-85C5D1934D73}.Debug|Any CPU.Build.0 = Debug|Any CPU
		{FE91A3EC-2B27-4198-BD92-85C5D1934D73}.Release|Any CPU.ActiveCfg = Release|Any CPU
		{FE91A3EC-2B27-4198-BD92-85C5D1934D73}.Release|Any CPU.Build.0 = Release|Any CPU
	EndGlobalSection
EndGlobal
